
Microsoft Visual Studio Solution File, Format Version 12.00
# Visual Studio 15
VisualStudioVersion = 15.0.28307.1267
MinimumVisualStudioVersion = 10.0.40219.1
Project("{FAE04EC0-301F-11D3-BF4B-00C04F79EFBC}") = "Frogger", "Frogger\Frogger.csproj", "{96E629F5-10CA-4ECC-993B-A3681DBC2911}"
EndProject
Global
	GlobalSection(SolutionConfigurationPlatforms) = preSolution
		Debug|Any CPU = Debug|Any CPU
		Release|Any CPU = Release|Any CPU
	EndGlobalSection
	GlobalSection(ProjectConfigurationPlatforms) = postSolution
		{96E629F5-10CA-4ECC-993B-A3681DBC2911}.Debug|Any CPU.ActiveCfg = Debug|Any CPU
		{96E629F5-10CA-4ECC-993B-A3681DBC2911}.Debug|Any CPU.Build.0 = Debug|Any CPU
		{96E629F5-10CA-4ECC-993B-A3681DBC2911}.Release|Any CPU.ActiveCfg = Release|Any CPU
		{96E629F5-10CA-4ECC-993B-A3681DBC2911}.Release|Any CPU.Build.0 = Release|Any CPU
	EndGlobalSection
	GlobalSection(SolutionProperties) = preSolution
		HideSolutionNode = FALSE
	EndGlobalSection
	GlobalSection(ExtensibilityGlobals) = postSolution
		SolutionGuid = {78AC906F-6A0B-448C-B1D8-3563C0B49292}
	EndGlobalSection
EndGlobal
